
Microsoft Visual Studio Solution File, Format Version 12.00
# Visual Studio Version 16
VisualStudioVersion = 16.0.31205.134
MinimumVisualStudioVersion = 10.0.40219.1
Project("{8BC9CEB8-8B4A-11D0-8D11-00A0C91BC942}") = "self", "self\self.vcxproj", "{CF5C77AB-AD03-4CC8-AED5-C533B6456D9B}"
EndProject
Global
	GlobalSection(SolutionConfigurationPlatforms) = preSolution
		Debug|x64 = Debug|x64
		Debug|x86 = Debug|x86
		Release|x64 = Release|x64
		Release|x86 = Release|x86
	EndGlobalSection
	GlobalSection(ProjectConfigurationPlatforms) = postSolution
		{CF5C77AB-AD03-4CC8-AED5-C533B6456D9B}.Debug|x64.ActiveCfg = Debug|x64
		{CF5C77AB-AD03-4CC8-AED5-C533B6456D9B}.Debug|x64.Build.0 = Debug|x64
		{CF5C77AB-AD03-4CC8-AED5-C533B6456D9B}.Debug|x86.ActiveCfg = Debug|Win32
		{CF5C77AB-AD03-4CC8-AED5-C533B6456D9B}.Debug|x86.Build.0 = Debug|Win32
		{CF5C77AB-AD03-4CC8-AED5-C533B6456D9B}.Release|x64.ActiveCfg = Release|x64
		{CF5C77AB-AD03-4CC8-AED5-C533B6456D9B}.Release|x64.Build.0 = Release|x64
		{CF5C77AB-AD03-4CC8-AED5-C533B6456D9B}.Release|x86.ActiveCfg = Release|Win32
		{CF5C77AB-AD03-4CC8-AED5-C533B6456D9B}.Release|x86.Build.0 = Release|Win32
	EndGlobalSection
	GlobalSection(SolutionProperties) = preSolution
		HideSolutionNode = FALSE
	EndGlobalSection
	GlobalSection(ExtensibilityGlobals) = postSolution
		SolutionGuid = {382F5F9D-E589-40A7-8BC5-22C112295748}
	EndGlobalSection
EndGlobal
